// !$*UTF8*$!
{
	archiveVersion = 1;
	classes = {
	};
	objectVersion = 50;
	objects = {

/* Begin PBXBuildFile section */
		B56D5FF12157B47C00B214C5 /* AppDelegate.swift in Sources */ = {isa = PBXBuildFile; fileRef = B56D5FF02157B47C00B214C5 /* AppDelegate.swift */; };
		B56D5FF32157B47C00B214C5 /* ViewController.swift in Sources */ = {isa = PBXBuildFile; fileRef = B56D5FF22157B47C00B214C5 /* ViewController.swift */; };
		B56D5FF62157B47C00B214C5 /* Main.storyboard in Resources */ = {isa = PBXBuildFile; fileRef = B56D5FF42157B47C00B214C5 /* Main.storyboard */; };
		B56D5FF82157B47E00B214C5 /* Assets.xcassets in Resources */ = {isa = PBXBuildFile; fileRef = B56D5FF72157B47E00B214C5 /* Assets.xcassets */; };
		B56D5FFB2157B47E00B214C5 /* LaunchScreen.storyboard in Resources */ = {isa = PBXBuildFile; fileRef = B56D5FF92157B47E00B214C5 /* LaunchScreen.storyboard */; };
/* End PBXBuildFile section */

/* Begin PBXFileReference section */
		B56D5FED2157B47C00B214C5 /* UITextField programmatically.app */ = {isa = PBXFileReference; explicitFileType = wrapper.application; includeInIndex = 0; path = "UITextField programmatically.app"; sourceTree = BUILT_PRODUCTS_DIR; };
		B56D5FF02157B47C00B214C5 /* AppDelegate.swift */ = {isa = PBXFileReference; lastKnownFileType = sourcecode.swift; path = AppDelegate.swift; sourceTree = "<group>"; };
		B56D5FF22157B47C00B214C5 /* ViewController.swift */ = {isa = PBXFileReference; lastKnownFileType = sourcecode.swift; path = ViewController.swift; sourceTree = "<group>"; };
		B56D5FF52157B47C00B214C5 /* Base */ = {isa = PBXFileReference; lastKnownFileType = file.storyboard; name = Base; path = Base.lproj/Main.storyboard; sourceTree = "<group>"; };
		B56D5FF72157B47E00B214C5 /* Assets.xcassets */ = {isa = PBXFileReference; lastKnownFileType = folder.assetcatalog; path = Assets.xcassets; sourceTree = "<group>"; };
		B56D5FFA2157B47E00B214C5 /* Base */ = {isa = PBXFileReference; lastKnownFileType = file.storyboard; name = Base; path = Base.lproj/LaunchScreen.storyboard; sourceTree = "<group>"; };
		B56D5FFC2157B47E00B214C5 /* Info.plist */ = {isa = PBXFileReference; lastKnownFileType = text.plist.xml; path = Info.plist; sourceTree = "<group>"; };
/* End PBXFileReference section */

/* Begin PBXFrameworksBuildPhase section */
		B56D5FEA2157B47C00B214C5 /* Frameworks */ = {
			isa = PBXFrameworksBuildPhase;
			buildActionMask = 2147483647;
			files = (
			);
			runOnlyForDeploymentPostprocessing = 0;
		};
/* End PBXFrameworksBuildPhase section */

/* Begin PBXGroup section */
		B56D5FE42157B47C00B214C5 = {
			isa = PBXGroup;
			children = (
				B56D5FEF2157B47C00B214C5 /* UITextField programmatically */,
				B56D5FEE2157B47C00B214C5 /* Products */,
			);
			sourceTree = "<group>";
		};
		B56D5FEE2157B47C00B214C5 /* Products */ = {
			isa = PBXGroup;
			children = (
				B56D5FED2157B47C00B214C5 /* UITextField programmatically.app */,
			);
			name = Products;
			sourceTree = "<group>";
		};
		B56D5FEF2157B47C00B214C5 /* UITextField programmatically */ = {
			isa = PBXGroup;
			children = (
				B56D5FF02157B47C00B214C5 /* AppDelegate.swift */,
				B56D5FF22157B47C00B214C5 /* ViewController.swift */,
				B56D5FF42157B47C00B214C5 /* Main.storyboard */,
				B56D5FF72157B47E00B214C5 /* Assets.xcassets */,
				B56D5FF92157B47E00B214C5 /* LaunchScreen.storyboard */,
				B56D5FFC2157B47E00B214C5 /* Info.plist */,
			);
			path = "UITextField programmatically";
			sourceTree = "<group>";
		};
/* End PBXGroup section */

/* Begin PBXNativeTarget section */
		B56D5FEC2157B47C00B214C5 /* UITextField programmatically */ = {
			isa = PBXNativeTarget;
			buildConfigurationList = B56D5FFF2157B47E00B214C5 /* Build configuration list for PBXNativeTarget "UITextField programmatically" */;
			buildPhases = (
				B56D5FE92157B47C00B214C5 /* Sources */,
				B56D5FEA2157B47C00B214C5 /* Frameworks */,
				B56D5FEB2157B47C00B214C5 /* Resources */,
			);
			buildRules = (
			);
			dependencies = (
			);
			name = "UITextField programmatically";
			productName = "UITextField programmatically";
			productReference = B56D5FED2157B47C00B214C5 /* UITextField programmatically.app */;
			productType = "com.apple.product-type.application";
		};
/* End PBXNativeTarget section */

/* Begin PBXProject section */
		B56D5FE52157B47C00B214C5 /* Project object */ = {
			isa = PBXProject;
			attributes = {
				LastSwiftUpdateCheck = 1000;
				LastUpgradeCheck = 1000;
				ORGANIZATIONNAME = "Mahesh Prasad";
				TargetAttributes = {
					B56D5FEC2157B47C00B214C5 = {
						CreatedOnToolsVersion = 10.0;
					};
				};
			};
			buildConfigurationList = B56D5FE82157B47C00B214C5 /* Build configuration list for PBXProject "UITextField programmatically" */;
			compatibilityVersion = "Xcode 9.3";
			developmentRegion = en;
			hasScannedForEncodings = 0;
			knownRegions = (
				en,
				Base,
			);
			mainGroup = B56D5FE42157B47C00B214C5;
			productRefGroup = B56D5FEE2157B47C00B214C5 /* Products */;
			projectDirPath = "";
			projectRoot = "";
			targets = (
				B56D5FEC2157B47C00B214C5 /* UITextField programmatically */,
			);
		};
/* End PBXProject section */

/* Begin PBXResourcesBuildPhase section */
		B56D5FEB2157B47C00B214C5 /* Resources */ = {
			isa = PBXResourcesBuildPhase;
			buildActionMask = 2147483647;
			files = (
				B56D5FFB2157B47E00B214C5 /* LaunchScreen.storyboard in Resources */,
				B56D5FF82157B47E00B214C5 /* Assets.xcassets in Resources */,
				B56D5FF62157B47C00B214C5 /* Main.storyboard in Resources */,
			);
			runOnlyForDeploymentPostprocessing = 0;
		};
/* End PBXResourcesBuildPhase section */

/* Begin PBXSourcesBuildPhase section */
		B56D5FE92157B47C00B214C5 /* Sources */ = {
			isa = PBXSourcesBuildPhase;
			buildActionMask = 2147483647;
			files = (
				B56D5FF32157B47C00B214C5 /* ViewController.swift in Sources */,
				B56D5FF12157B47C00B214C5 /* AppDelegate.swift in Sources */,
			);
			runOnlyForDeploymentPostprocessing = 0;
		};
/* End PBXSourcesBuildPhase section */

/* Begin PBXVariantGroup section */
		B56D5FF42157B47C00B214C5 /* Main.storyboard */ = {
			isa = PBXVariantGroup;
			children = (
				B56D5FF52157B47C00B214C5 /* Base */,
			);
			name = Main.storyboard;
			sourceTree = "<group>";
		};
		B56D5FF92157B47E00B214C5 /* LaunchScreen.storyboard */ = {
			isa = PBXVariantGroup;
			children = (
				B56D5FFA2157B47E00B214C5 /* Base */,
			);
			name = LaunchScreen.storyboard;
			sourceTree = "<group>";
		};
/* End PBXVariantGroup section */

/* Begin XCBuildConfiguration section */
		B56D5FFD2157B47E00B214C5 /* Debug */ = {
			isa = XCBuildConfiguration;
			buildSettings = {
				ALWAYS_SEARCH_USER_PATHS = NO;
				CLANG_ANALYZER_NONNULL = YES;
				CLANG_ANALYZER_NUMBER_OBJECT_CONVERSION = YES_AGGRESSIVE;
				CLANG_CXX_LANGUAGE_STANDARD = "gnu++14";
				CLANG_CXX_LIBRARY = "libc++";
				CLANG_ENABLE_MODULES = YES;
				CLANG_ENABLE_OBJC_ARC = YES;
				CLANG_ENABLE_OBJC_WEAK = YES;
				CLANG_WARN_BLOCK_CAPTURE_AUTORELEASING = YES;
				CLANG_WARN_BOOL_CONVERSION = YES;
				CLANG_WARN_COMMA = YES;
				CLANG_WARN_CONSTANT_CONVERSION = YES;
				CLANG_WARN_DEPRECATED_OBJC_IMPLEMENTATIONS = YES;
				CLANG_WARN_DIRECT_OBJC_ISA_USAGE = YES_ERROR;
				CLANG_WARN_DOCUMENTATION_COMMENTS = YES;
				CLANG_WARN_EMPTY_BODY = YES;
				CLANG_WARN_ENUM_CONVERSION = YES;
				CLANG_WARN_INFINITE_RECURSION = YES;
				CLANG_WARN_INT_CONVERSION = YES;
				CLANG_WARN_NON_LITERAL_NULL_CONVERSION = YES;
				CLANG_WARN_OBJC_IMPLICIT_RETAIN_SELF = YES;
				CLANG_WARN_OBJC_LITERAL_CONVERSION = YES;
				CLANG_WARN_OBJC_ROOT_CLASS = YES_ERROR;
				CLANG_WARN_RANGE_LOOP_ANALYSIS = YES;
				CLANG_WARN_STRICT_PROTOTYPES = YES;
				CLANG_WARN_SUSPICIOUS_MOVE = YES;
				CLANG_WARN_UNGUARDED_AVAILABILITY = YES_AGGRESSIVE;
				CLANG_WARN_UNREACHABLE_CODE = YES;
				CLANG_WARN__DUPLICATE_METHOD_MATCH = YES;
				CODE_SIGN_IDENTITY = "iPhone Developer";
				COPY_PHASE_STRIP = NO;
				DEBUG_INFORMATION_FORMAT = dwarf;
				ENABLE_STRICT_OBJC_MSGSEND = YES;
				ENABLE_TESTABILITY = YES;
				GCC_C_LANGUAGE_STANDARD = gnu11;
				GCC_DYNAMIC_NO_PIC = NO;
				GCC_NO_COMMON_BLOCKS = YES;
				GCC_OPTIMIZATION_LEVEL = 0;
				GCC_PREPROCESSOR_DEFINITIONS = (
					"DEBUG=1",
					"$(inherited)",
				);
				GCC_WARN_64_TO_32_BIT_CONVERSION = YES;
				GCC_WARN_ABOUT_RETURN_TYPE = YES_ERROR;
				GCC_WARN_UNDECLARED_SELECTOR = YES;
				GCC_WARN_UNINITIALIZED_AUTOS = YES_AGGRESSIVE;
				GCC_WARN_UNUSED_FUNCTION = YES;
				GCC_WARN_UNUSED_VARIABLE = YES;
				IPHONEOS_DEPLOYMENT_TARGET = 12.0;
				MTL_ENABLE_DEBUG_INFO = INCLUDE_SOURCE;
				MTL_FAST_MATH = YES;
				ONLY_ACTIVE_ARCH = YES;
				SDKROOT = iphoneos;
				SWIFT_ACTIVE_COMPILATION_CONDITIONS = DEBUG;
				SWIFT_OPTIMIZATION_LEVEL = "-Onone";
			};
			name = Debug;
		};
		B56D5FFE2157B47E00B214C5 /* Release */ = {
			isa = XCBuildConfiguration;
			buildSettings = {
				ALWAYS_SEARCH_USER_PATHS = NO;
				CLANG_ANALYZER_NONNULL = YES;
				CLANG_ANALYZER_NUMBER_OBJECT_CONVERSION = YES_AGGRESSIVE;
				CLANG_CXX_LANGUAGE_STANDARD = "gnu++14";
				CLANG_CXX_LIBRARY = "libc++";
				CLANG_ENABLE_MODULES = YES;
				CLANG_ENABLE_OBJC_ARC = YES;
				CLANG_ENABLE_OBJC_WEAK = YES;
				CLANG_WARN_BLOCK_CAPTURE_AUTORELEASING = YES;
				CLANG_WARN_BOOL_CONVERSION = YES;
				CLANG_WARN_COMMA = YES;
				CLANG_WARN_CONSTANT_CONVERSION = YES;
				CLANG_WARN_DEPRECATED_OBJC_IMPLEMENTATIONS = YES;
				CLANG_WARN_DIRECT_OBJC_ISA_USAGE = YES_ERROR;
				CLANG_WARN_DOCUMENTATION_COMMENTS = YES;
				CLANG_WARN_EMPTY_BODY = YES;
				CLANG_WARN_ENUM_CONVERSION = YES;
				CLANG_WARN_INFINITE_RECURSION = YES;
				CLANG_WARN_INT_CONVERSION = YES;
				CLANG_WARN_NON_LITERAL_NULL_CONVERSION = YES;
				CLANG_WARN_OBJC_IMPLICIT_RETAIN_SELF = YES;
				CLANG_WARN_OBJC_LITERAL_CONVERSION = YES;
				CLANG_WARN_OBJC_ROOT_CLASS = YES_ERROR;
				CLANG_WARN_RANGE_LOOP_ANALYSIS = YES;
				CLANG_WARN_STRICT_PROTOTYPES = YES;
				CLANG_WARN_SUSPICIOUS_MOVE = YES;
				CLANG_WARN_UNGUARDED_AVAILABILITY = YES_AGGRESSIVE;
				CLANG_WARN_UNREACHABLE_CODE = YES;
				CLANG_WARN__DUPLICATE_METHOD_MATCH = YES;
				CODE_SIGN_IDENTITY = "iPhone Developer";
				COPY_PHASE_STRIP = NO;
				DEBUG_INFORMATION_FORMAT = "dwarf-with-dsym";
				ENABLE_NS_ASSERTIONS = NO;
				ENABLE_STRICT_OBJC_MSGSEND = YES;
				GCC_C_LANGUAGE_STANDARD = gnu11;
				GCC_NO_COMMON_BLOCKS = YES;
				GCC_WARN_64_TO_32_BIT_CONVERSION = YES;
				GCC_WARN_ABOUT_RETURN_TYPE = YES_ERROR;
				GCC_WARN_UNDECLARED_SELECTOR = YES;
				GCC_WARN_UNINITIALIZED_AUTOS = YES_AGGRESSIVE;
				GCC_WARN_UNUSED_FUNCTION = YES;
				GCC_WARN_UNUSED_VARIABLE = YES;
				IPHONEOS_DEPLOYMENT_TARGET = 12.0;
				MTL_ENABLE_DEBUG_INFO = NO;
				MTL_FAST_MATH = YES;
				SDKROOT = iphoneos;
				SWIFT_COMPILATION_MODE = wholemodule;
				SWIFT_OPTIMIZATION_LEVEL = "-O";
				VALIDATE_PRODUCT = YES;
			};
			name = Release;
		};
		B56D60002157B47E00B214C5 /* Debug */ = {
			isa = XCBuildConfiguration;
			buildSettings = {
				ASSETCATALOG_COMPILER_APPICON_NAME = AppIcon;
				CODE_SIGN_STYLE = Automatic;
				DEVELOPMENT_TEAM = 84W8QG5399;
				INFOPLIST_FILE = "UITextField programmatically/Info.plist";
				LD_RUNPATH_SEARCH_PATHS = (
					"$(inherited)",
					"@executable_path/Frameworks",
				);
				PRODUCT_BUNDLE_IDENTIFIER = "easytolearn.UITextField-programmatically";
				PRODUCT_NAME = "$(TARGET_NAME)";
				SWIFT_VERSION = 4.2;
				TARGETED_DEVICE_FAMILY = "1,2";
			};
			name = Debug;
		};
		B56D60012157B47E00B214C5 /* Release */ = {
			isa = XCBuildConfiguration;
			buildSettings = {
				ASSETCATALOG_COMPILER_APPICON_NAME = AppIcon;
				CODE_SIGN_STYLE = Automatic;
				DEVELOPMENT_TEAM = 84W8QG5399;
				INFOPLIST_FILE = "UITextField programmatically/Info.plist";
				LD_RUNPATH_SEARCH_PATHS = (
					"$(inherited)",
					"@executable_path/Frameworks",
				);
				PRODUCT_BUNDLE_IDENTIFIER = "easytolearn.UITextField-programmatically";
				PRODUCT_NAME = "$(TARGET_NAME)";
				SWIFT_VERSION = 4.2;
				TARGETED_DEVICE_FAMILY = "1,2";
			};
			name = Release;
		};
/* End XCBuildConfiguration section */

/* Begin XCConfigurationList section */
		B56D5FE82157B47C00B214C5 /* Build configuration list for PBXProject "UITextField programmatically" */ = {
			isa = XCConfigurationList;
			buildConfigurations = (
				B56D5FFD2157B47E00B214C5 /* Debug */,
				B56D5FFE2157B47E00B214C5 /* Release */,
			);
			defaultConfigurationIsVisible = 0;
			defaultConfigurationName = Release;
		};
		B56D5FFF2157B47E00B214C5 /* Build configuration list for PBXNativeTarget "UITextField programmatically" */ = {
			isa = XCConfigurationList;
			buildConfigurations = (
				B56D60002157B47E00B214C5 /* Debug */,
				B56D60012157B47E00B214C5 /* Release */,
			);
			defaultConfigurationIsVisible = 0;
			defaultConfigurationName = Release;
		};
/* End XCConfigurationList section */
	};
	rootObject = B56D5FE52157B47C00B214C5 /* Project object */;
}
